
Microsoft Visual Studio Solution File, Format Version 12.00
# Visual Studio Version 17
VisualStudioVersion = 17.11.35312.102
MinimumVisualStudioVersion = 10.0.40219.1
Project("{FAE04EC0-301F-11D3-BF4B-00C04F79EFBC}") = "CalcultorTask1", "CalcultorTask1.csproj", "{1B634B16-1806-4161-A57D-836FE2017476}"
EndProject
Global
	GlobalSection(SolutionConfigurationPlatforms) = preSolution
		Debug|Any CPU = Debug|Any CPU
		Release|Any CPU = Release|Any CPU
	EndGlobalSection
	GlobalSection(ProjectConfigurationPlatforms) = postSolution
		{1B634B16-1806-4161-A57D-836FE2017476}.Debug|Any CPU.ActiveCfg = Debug|Any CPU
		{1B634B16-1806-4161-A57D-836FE2017476}.Debug|Any CPU.Build.0 = Debug|Any CPU
		{1B634B16-1806-4161-A57D-836FE2017476}.Release|Any CPU.ActiveCfg = Release|Any CPU
		{1B634B16-1806-4161-A57D-836FE2017476}.Release|Any CPU.Build.0 = Release|Any CPU
	EndGlobalSection
	GlobalSection(SolutionProperties) = preSolution
		HideSolutionNode = FALSE
	EndGlobalSection
	GlobalSection(ExtensibilityGlobals) = postSolution
		SolutionGuid = {D839EF1A-F058-4FE5-B552-500ED4561833}
	EndGlobalSection
EndGlobal
